
Microsoft Visual Studio Solution File, Format Version 12.00
# Visual Studio 14
VisualStudioVersion = 14.0.25420.1
MinimumVisualStudioVersion = 10.0.40219.1
Project("{2150E333-8FDC-42A3-9474-1A3956D46DE8}") = "src", "src", "{070A2DE8-79CF-44E1-9726-2A81FF48B8BC}"
EndProject
Project("{2150E333-8FDC-42A3-9474-1A3956D46DE8}") = "Solution Items", "Solution Items", "{4A2A33AD-F830-4713-935B-78A2DBE85C1C}"
	ProjectSection(SolutionItems) = preProject
		global.json = global.json
	EndProjectSection
EndProject
Project("{8BB2217D-0F2D-49D1-97BC-3654ED321F3B}") = "CityInfo.API", "src\CityInfoApi2\CityInfo.API.xproj", "{01674F1C-45EC-4663-987D-B65839C96591}"
EndProject
Global
	GlobalSection(SolutionConfigurationPlatforms) = preSolution
		Debug|Any CPU = Debug|Any CPU
		Release|Any CPU = Release|Any CPU
	EndGlobalSection
	GlobalSection(ProjectConfigurationPlatforms) = postSolution
		{01674F1C-45EC-4663-987D-B65839C96591}.Debug|Any CPU.ActiveCfg = Debug|Any CPU
		{01674F1C-45EC-4663-987D-B65839C96591}.Debug|Any CPU.Build.0 = Debug|Any CPU
		{01674F1C-45EC-4663-987D-B65839C96591}.Release|Any CPU.ActiveCfg = Release|Any CPU
		{01674F1C-45EC-4663-987D-B65839C96591}.Release|Any CPU.Build.0 = Release|Any CPU
	EndGlobalSection
	GlobalSection(SolutionProperties) = preSolution
		HideSolutionNode = FALSE
	EndGlobalSection
	GlobalSection(NestedProjects) = preSolution
		{01674F1C-45EC-4663-987D-B65839C96591} = {070A2DE8-79CF-44E1-9726-2A81FF48B8BC}
	EndGlobalSection
EndGlobal
